
Microsoft Visual Studio Solution File, Format Version 12.00
# Visual Studio Version 16
VisualStudioVersion = 16.0.28803.202
MinimumVisualStudioVersion = 10.0.40219.1
Project("{9A19103F-16F7-4668-BE54-9A1E7A4F7556}") = "DiiagramrApplication", "Diiagramr\DiiagramrApplication\DiiagramrApplication.csproj", "{A5D32352-078E-4E67-B333-A4B40B6599A6}"
EndProject
Project("{FAE04EC0-301F-11D3-BF4B-00C04F79EFBC}") = "DiiagramrRepositoryServer", "DiiagramrRepositoryServer\DiiagramrRepositoryServer.csproj", "{D2793823-C598-4521-8AC7-098DF83717B0}"
EndProject
Project("{2150E333-8FDC-42A3-9474-1A3956D46DE8}") = "Diiagramr", "Diiagramr", "{4D99516D-E19B-44A1-AB08-5528E56183F2}"
EndProject
Project("{2150E333-8FDC-42A3-9474-1A3956D46DE8}") = "Tests", "Tests", "{A0784B20-25D5-40FE-97DC-C29A845EB303}"
EndProject
Project("{2150E333-8FDC-42A3-9474-1A3956D46DE8}") = "Libraries", "Libraries", "{48998A9B-847A-40D1-954B-F7ED4315B71C}"
EndProject
Project("{9A19103F-16F7-4668-BE54-9A1E7A4F7556}") = "DiiagramrModel", "Diiagramr\DiiagramrModel\DiiagramrModel.csproj", "{F369D186-B3C2-4C98-8EEC-6FCBEA95054D}"
EndProject
Project("{9A19103F-16F7-4668-BE54-9A1E7A4F7556}") = "DiiagramrAPI", "Diiagramr\DiiagramrAPI\DiiagramrAPI.csproj", "{6FB2C305-040E-4A21-9077-057F5B458014}"
EndProject
Project("{9A19103F-16F7-4668-BE54-9A1E7A4F7556}") = "DiiagramrCore", "Diiagramr\DiiagramrCore\DiiagramrCore.csproj", "{C1B4FD6D-82FA-4E00-A316-F407B2155774}"
EndProject
Project("{9A19103F-16F7-4668-BE54-9A1E7A4F7556}") = "DiiagramrFadeCandy", "Libraries\DiiagramrFadeCandy\DiiagramrFadeCandy.csproj", "{28194151-FCD6-41BF-AF71-121D7E29D114}"
EndProject
Project("{9A19103F-16F7-4668-BE54-9A1E7A4F7556}") = "DiiagramrPrimitives", "Libraries\DiiagramrPrimitives\DiiagramrPrimitives.csproj", "{75527946-0420-4CFC-A006-6E3FDF736D50}"
EndProject
Project("{9A19103F-16F7-4668-BE54-9A1E7A4F7556}") = "VisualDrop", "Libraries\VisualDrop\VisualDrop.csproj", "{92045CBF-8698-4512-8B35-1967B672C4CD}"
EndProject
Project("{FAE04EC0-301F-11D3-BF4B-00C04F79EFBC}") = "DiiagramrAcceptanceTests", "Tests\DiiagramrAcceptanceTests\DiiagramrAcceptanceTests.csproj", "{C519256A-DFEA-4A4A-BF46-7D0949D666AB}"
EndProject
Project("{9A19103F-16F7-4668-BE54-9A1E7A4F7556}") = "DiiagramrAPIUnitTests", "Tests\DiiagramrAPIUnitTests\DiiagramrAPIUnitTests.csproj", "{48A2F5CE-BE93-426C-AE73-29FF20B30CA5}"
EndProject
Project("{9A19103F-16F7-4668-BE54-9A1E7A4F7556}") = "DiiagramrFadeCandyUnitTests", "Tests\DiiagramrFadeCandyUnitTests\DiiagramrFadeCandyUnitTests.csproj", "{8AD364A8-B9A7-490E-A679-458623C0A675}"
EndProject
Global
	GlobalSection(SolutionConfigurationPlatforms) = preSolution
		Debug|Any CPU = Debug|Any CPU
		Debug|x64 = Debug|x64
		Debug|x86 = Debug|x86
		Release|Any CPU = Release|Any CPU
		Release|x64 = Release|x64
		Release|x86 = Release|x86
	EndGlobalSection
	GlobalSection(ProjectConfigurationPlatforms) = postSolution
		{D2793823-C598-4521-8AC7-098DF83717B0}.Debug|Any CPU.ActiveCfg = Debug|Any CPU
		{D2793823-C598-4521-8AC7-098DF83717B0}.Debug|Any CPU.Build.0 = Debug|Any CPU
		{D2793823-C598-4521-8AC7-098DF83717B0}.Debug|x64.ActiveCfg = Debug|Any CPU
		{D2793823-C598-4521-8AC7-098DF83717B0}.Debug|x86.ActiveCfg = Debug|Any CPU
		{D2793823-C598-4521-8AC7-098DF83717B0}.Debug|x86.Build.0 = Debug|Any CPU
		{D2793823-C598-4521-8AC7-098DF83717B0}.Release|Any CPU.ActiveCfg = Release|Any CPU
		{D2793823-C598-4521-8AC7-098DF83717B0}.Release|Any CPU.Build.0 = Release|Any CPU
		{D2793823-C598-4521-8AC7-098DF83717B0}.Release|x64.ActiveCfg = Release|Any CPU
		{D2793823-C598-4521-8AC7-098DF83717B0}.Release|x86.ActiveCfg = Release|Any CPU
		{D2793823-C598-4521-8AC7-098DF83717B0}.Release|x86.Build.0 = Release|Any CPU
		{F369D186-B3C2-4C98-8EEC-6FCBEA95054D}.Debug|Any CPU.ActiveCfg = Debug|Any CPU
		{F369D186-B3C2-4C98-8EEC-6FCBEA95054D}.Debug|Any CPU.Build.0 = Debug|Any CPU
		{F369D186-B3C2-4C98-8EEC-6FCBEA95054D}.Debug|x64.ActiveCfg = Debug|Any CPU
		{F369D186-B3C2-4C98-8EEC-6FCBEA95054D}.Debug|x64.Build.0 = Debug|Any CPU
		{F369D186-B3C2-4C98-8EEC-6FCBEA95054D}.Debug|x86.ActiveCfg = Debug|Any CPU
		{F369D186-B3C2-4C98-8EEC-6FCBEA95054D}.Debug|x86.Build.0 = Debug|Any CPU
		{F369D186-B3C2-4C98-8EEC-6FCBEA95054D}.Release|Any CPU.ActiveCfg = Release|Any CPU
		{F369D186-B3C2-4C98-8EEC-6FCBEA95054D}.Release|Any CPU.Build.0 = Release|Any CPU
		{F369D186-B3C2-4C98-8EEC-6FCBEA95054D}.Release|x64.ActiveCfg = Release|Any CPU
		{F369D186-B3C2-4C98-8EEC-6FCBEA95054D}.Release|x64.Build.0 = Release|Any CPU
		{F369D186-B3C2-4C98-8EEC-6FCBEA95054D}.Release|x86.ActiveCfg = Release|Any CPU
		{F369D186-B3C2-4C98-8EEC-6FCBEA95054D}.Release|x86.Build.0 = Release|Any CPU
		{6FB2C305-040E-4A21-9077-057F5B458014}.Debug|Any CPU.ActiveCfg = Debug|Any CPU
		{6FB2C305-040E-4A21-9077-057F5B458014}.Debug|Any CPU.Build.0 = Debug|Any CPU
		{6FB2C305-040E-4A21-9077-057F5B458014}.Debug|x64.ActiveCfg = Debug|Any CPU
		{6FB2C305-040E-4A21-9077-057F5B458014}.Debug|x64.Build.0 = Debug|Any CPU
		{6FB2C305-040E-4A21-9077-057F5B458014}.Debug|x86.ActiveCfg = Debug|Any CPU
		{6FB2C305-040E-4A21-9077-057F5B458014}.Debug|x86.Build.0 = Debug|Any CPU
		{6FB2C305-040E-4A21-9077-057F5B458014}.Release|Any CPU.ActiveCfg = Release|Any CPU
		{6FB2C305-040E-4A21-9077-057F5B458014}.Release|Any CPU.Build.0 = Release|Any CPU
		{6FB2C305-040E-4A21-9077-057F5B458014}.Release|x64.ActiveCfg = Release|Any CPU
		{6FB2C305-040E-4A21-9077-057F5B458014}.Release|x64.Build.0 = Release|Any CPU
		{6FB2C305-040E-4A21-9077-057F5B458014}.Release|x86.ActiveCfg = Release|Any CPU
		{6FB2C305-040E-4A21-9077-057F5B458014}.Release|x86.Build.0 = Release|Any CPU
		{C1B4FD6D-82FA-4E00-A316-F407B2155774}.Debug|Any CPU.ActiveCfg = Debug|Any CPU
		{C1B4FD6D-82FA-4E00-A316-F407B2155774}.Debug|Any CPU.Build.0 = Debug|Any CPU
		{C1B4FD6D-82FA-4E00-A316-F407B2155774}.Debug|x64.ActiveCfg = Debug|Any CPU
		{C1B4FD6D-82FA-4E00-A316-F407B2155774}.Debug|x64.Build.0 = Debug|Any CPU
		{C1B4FD6D-82FA-4E00-A316-F407B2155774}.Debug|x86.ActiveCfg = Debug|Any CPU
		{C1B4FD6D-82FA-4E00-A316-F407B2155774}.Debug|x86.Build.0 = Debug|Any CPU
		{C1B4FD6D-82FA-4E00-A316-F407B2155774}.Release|Any CPU.ActiveCfg = Release|Any CPU
		{C1B4FD6D-82FA-4E00-A316-F407B2155774}.Release|Any CPU.Build.0 = Release|Any CPU
		{C1B4FD6D-82FA-4E00-A316-F407B2155774}.Release|x64.ActiveCfg = Release|Any CPU
		{C1B4FD6D-82FA-4E00-A316-F407B2155774}.Release|x64.Build.0 = Release|Any CPU
		{C1B4FD6D-82FA-4E00-A316-F407B2155774}.Release|x86.ActiveCfg = Release|Any CPU
		{C1B4FD6D-82FA-4E00-A316-F407B2155774}.Release|x86.Build.0 = Release|Any CPU
		{A5D32352-078E-4E67-B333-A4B40B6599A6}.Debug|Any CPU.ActiveCfg = Debug|Any CPU
		{A5D32352-078E-4E67-B333-A4B40B6599A6}.Debug|Any CPU.Build.0 = Debug|Any CPU
		{A5D32352-078E-4E67-B333-A4B40B6599A6}.Debug|x64.ActiveCfg = Debug|Any CPU
		{A5D32352-078E-4E67-B333-A4B40B6599A6}.Debug|x64.Build.0 = Debug|Any CPU
		{A5D32352-078E-4E67-B333-A4B40B6599A6}.Debug|x86.ActiveCfg = Debug|Any CPU
		{A5D32352-078E-4E67-B333-A4B40B6599A6}.Debug|x86.Build.0 = Debug|Any CPU
		{A5D32352-078E-4E67-B333-A4B40B6599A6}.Release|Any CPU.ActiveCfg = Release|Any CPU
		{A5D32352-078E-4E67-B333-A4B40B6599A6}.Release|Any CPU.Build.0 = Release|Any CPU
		{A5D32352-078E-4E67-B333-A4B40B6599A6}.Release|x64.ActiveCfg = Release|Any CPU
		{A5D32352-078E-4E67-B333-A4B40B6599A6}.Release|x64.Build.0 = Release|Any CPU
		{A5D32352-078E-4E67-B333-A4B40B6599A6}.Release|x86.ActiveCfg = Release|Any CPU
		{A5D32352-078E-4E67-B333-A4B40B6599A6}.Release|x86.Build.0 = Release|Any CPU
		{28194151-FCD6-41BF-AF71-121D7E29D114}.Debug|Any CPU.ActiveCfg = Debug|Any CPU
		{28194151-FCD6-41BF-AF71-121D7E29D114}.Debug|Any CPU.Build.0 = Debug|Any CPU
		{28194151-FCD6-41BF-AF71-121D7E29D114}.Debug|x64.ActiveCfg = Debug|Any CPU
		{28194151-FCD6-41BF-AF71-121D7E29D114}.Debug|x64.Build.0 = Debug|Any CPU
		{28194151-FCD6-41BF-AF71-121D7E29D114}.Debug|x86.ActiveCfg = Debug|Any CPU
		{28194151-FCD6-41BF-AF71-121D7E29D114}.Debug|x86.Build.0 = Debug|Any CPU
		{28194151-FCD6-41BF-AF71-121D7E29D114}.Release|Any CPU.ActiveCfg = Release|Any CPU
		{28194151-FCD6-41BF-AF71-121D7E29D114}.Release|Any CPU.Build.0 = Release|Any CPU
		{28194151-FCD6-41BF-AF71-121D7E29D114}.Release|x64.ActiveCfg = Release|Any CPU
		{28194151-FCD6-41BF-AF71-121D7E29D114}.Release|x64.Build.0 = Release|Any CPU
		{28194151-FCD6-41BF-AF71-121D7E29D114}.Release|x86.ActiveCfg = Release|Any CPU
		{28194151-FCD6-41BF-AF71-121D7E29D114}.Release|x86.Build.0 = Release|Any CPU
		{75527946-0420-4CFC-A006-6E3FDF736D50}.Debug|Any CPU.ActiveCfg = Debug|Any CPU
		{75527946-0420-4CFC-A006-6E3FDF736D50}.Debug|Any CPU.Build.0 = Debug|Any CPU
		{75527946-0420-4CFC-A006-6E3FDF736D50}.Debug|x64.ActiveCfg = Debug|Any CPU
		{75527946-0420-4CFC-A006-6E3FDF736D50}.Debug|x64.Build.0 = Debug|Any CPU
		{75527946-0420-4CFC-A006-6E3FDF736D50}.Debug|x86.ActiveCfg = Debug|Any CPU
		{75527946-0420-4CFC-A006-6E3FDF736D50}.Debug|x86.Build.0 = Debug|Any CPU
		{75527946-0420-4CFC-A006-6E3FDF736D50}.Release|Any CPU.ActiveCfg = Release|Any CPU
		{75527946-0420-4CFC-A006-6E3FDF736D50}.Release|Any CPU.Build.0 = Release|Any CPU
		{75527946-0420-4CFC-A006-6E3FDF736D50}.Release|x64.ActiveCfg = Release|Any CPU
		{75527946-0420-4CFC-A006-6E3FDF736D50}.Release|x64.Build.0 = Release|Any CPU
		{75527946-0420-4CFC-A006-6E3FDF736D50}.Release|x86.ActiveCfg = Release|Any CPU
		{75527946-0420-4CFC-A006-6E3FDF736D50}.Release|x86.Build.0 = Release|Any CPU
		{92045CBF-8698-4512-8B35-1967B672C4CD}.Debug|Any CPU.ActiveCfg = Debug|Any CPU
		{92045CBF-8698-4512-8B35-1967B672C4CD}.Debug|Any CPU.Build.0 = Debug|Any CPU
		{92045CBF-8698-4512-8B35-1967B672C4CD}.Debug|x64.ActiveCfg = Debug|Any CPU
		{92045CBF-8698-4512-8B35-1967B672C4CD}.Debug|x64.Build.0 = Debug|Any CPU
		{92045CBF-8698-4512-8B35-1967B672C4CD}.Debug|x86.ActiveCfg = Debug|Any CPU
		{92045CBF-8698-4512-8B35-1967B672C4CD}.Debug|x86.Build.0 = Debug|Any CPU
		{92045CBF-8698-4512-8B35-1967B672C4CD}.Release|Any CPU.ActiveCfg = Release|Any CPU
		{92045CBF-8698-4512-8B35-1967B672C4CD}.Release|Any CPU.Build.0 = Release|Any CPU
		{92045CBF-8698-4512-8B35-1967B672C4CD}.Release|x64.ActiveCfg = Release|Any CPU
		{92045CBF-8698-4512-8B35-1967B672C4CD}.Release|x64.Build.0 = Release|Any CPU
		{92045CBF-8698-4512-8B35-1967B672C4CD}.Release|x86.ActiveCfg = Release|Any CPU
		{92045CBF-8698-4512-8B35-1967B672C4CD}.Release|x86.Build.0 = Release|Any CPU
		{C519256A-DFEA-4A4A-BF46-7D0949D666AB}.Debug|Any CPU.ActiveCfg = Debug|Any CPU
		{C519256A-DFEA-4A4A-BF46-7D0949D666AB}.Debug|Any CPU.Build.0 = Debug|Any CPU
		{C519256A-DFEA-4A4A-BF46-7D0949D666AB}.Debug|x64.ActiveCfg = Debug|Any CPU
		{C519256A-DFEA-4A4A-BF46-7D0949D666AB}.Debug|x64.Build.0 = Debug|Any CPU
		{C519256A-DFEA-4A4A-BF46-7D0949D666AB}.Debug|x86.ActiveCfg = Debug|Any CPU
		{C519256A-DFEA-4A4A-BF46-7D0949D666AB}.Debug|x86.Build.0 = Debug|Any CPU
		{C519256A-DFEA-4A4A-BF46-7D0949D666AB}.Release|Any CPU.ActiveCfg = Release|Any CPU
		{C519256A-DFEA-4A4A-BF46-7D0949D666AB}.Release|Any CPU.Build.0 = Release|Any CPU
		{C519256A-DFEA-4A4A-BF46-7D0949D666AB}.Release|x64.ActiveCfg = Release|Any CPU
		{C519256A-DFEA-4A4A-BF46-7D0949D666AB}.Release|x64.Build.0 = Release|Any CPU
		{C519256A-DFEA-4A4A-BF46-7D0949D666AB}.Release|x86.ActiveCfg = Release|Any CPU
		{C519256A-DFEA-4A4A-BF46-7D0949D666AB}.Release|x86.Build.0 = Release|Any CPU
		{48A2F5CE-BE93-426C-AE73-29FF20B30CA5}.Debug|Any CPU.ActiveCfg = Debug|Any CPU
		{48A2F5CE-BE93-426C-AE73-29FF20B30CA5}.Debug|Any CPU.Build.0 = Debug|Any CPU
		{48A2F5CE-BE93-426C-AE73-29FF20B30CA5}.Debug|x64.ActiveCfg = Debug|Any CPU
		{48A2F5CE-BE93-426C-AE73-29FF20B30CA5}.Debug|x64.Build.0 = Debug|Any CPU
		{48A2F5CE-BE93-426C-AE73-29FF20B30CA5}.Debug|x86.ActiveCfg = Debug|Any CPU
		{48A2F5CE-BE93-426C-AE73-29FF20B30CA5}.Debug|x86.Build.0 = Debug|Any CPU
		{48A2F5CE-BE93-426C-AE73-29FF20B30CA5}.Release|Any CPU.ActiveCfg = Release|Any CPU
		{48A2F5CE-BE93-426C-AE73-29FF20B30CA5}.Release|Any CPU.Build.0 = Release|Any CPU
		{48A2F5CE-BE93-426C-AE73-29FF20B30CA5}.Release|x64.ActiveCfg = Release|Any CPU
		{48A2F5CE-BE93-426C-AE73-29FF20B30CA5}.Release|x64.Build.0 = Release|Any CPU
		{48A2F5CE-BE93-426C-AE73-29FF20B30CA5}.Release|x86.ActiveCfg = Release|Any CPU
		{48A2F5CE-BE93-426C-AE73-29FF20B30CA5}.Release|x86.Build.0 = Release|Any CPU
		{8AD364A8-B9A7-490E-A679-458623C0A675}.Debug|Any CPU.ActiveCfg = Debug|Any CPU
		{8AD364A8-B9A7-490E-A679-458623C0A675}.Debug|Any CPU.Build.0 = Debug|Any CPU
		{8AD364A8-B9A7-490E-A679-458623C0A675}.Debug|x64.ActiveCfg = Debug|Any CPU
		{8AD364A8-B9A7-490E-A679-458623C0A675}.Debug|x64.Build.0 = Debug|Any CPU
		{8AD364A8-B9A7-490E-A679-458623C0A675}.Debug|x86.ActiveCfg = Debug|Any CPU
		{8AD364A8-B9A7-490E-A679-458623C0A675}.Debug|x86.Build.0 = Debug|Any CPU
		{8AD364A8-B9A7-490E-A679-458623C0A675}.Release|Any CPU.ActiveCfg = Release|Any CPU
		{8AD364A8-B9A7-490E-A679-458623C0A675}.Release|Any CPU.Build.0 = Release|Any CPU
		{8AD364A8-B9A7-490E-A679-458623C0A675}.Release|x64.ActiveCfg = Release|Any CPU
		{8AD364A8-B9A7-490E-A679-458623C0A675}.Release|x64.Build.0 = Release|Any CPU
		{8AD364A8-B9A7-490E-A679-458623C0A675}.Release|x86.ActiveCfg = Release|Any CPU
		{8AD364A8-B9A7-490E-A679-458623C0A675}.Release|x86.Build.0 = Release|Any CPU
	EndGlobalSection
	GlobalSection(SolutionProperties) = preSolution
		HideSolutionNode = FALSE
	EndGlobalSection
	GlobalSection(NestedProjects) = preSolution
		{D2793823-C598-4521-8AC7-098DF83717B0} = {4D99516D-E19B-44A1-AB08-5528E56183F2}
		{F369D186-B3C2-4C98-8EEC-6FCBEA95054D} = {4D99516D-E19B-44A1-AB08-5528E56183F2}
		{6FB2C305-040E-4A21-9077-057F5B458014} = {4D99516D-E19B-44A1-AB08-5528E56183F2}
		{C1B4FD6D-82FA-4E00-A316-F407B2155774} = {4D99516D-E19B-44A1-AB08-5528E56183F2}
		{A5D32352-078E-4E67-B333-A4B40B6599A6} = {4D99516D-E19B-44A1-AB08-5528E56183F2}
		{28194151-FCD6-41BF-AF71-121D7E29D114} = {48998A9B-847A-40D1-954B-F7ED4315B71C}
		{75527946-0420-4CFC-A006-6E3FDF736D50} = {48998A9B-847A-40D1-954B-F7ED4315B71C}
		{92045CBF-8698-4512-8B35-1967B672C4CD} = {48998A9B-847A-40D1-954B-F7ED4315B71C}
		{C519256A-DFEA-4A4A-BF46-7D0949D666AB} = {A0784B20-25D5-40FE-97DC-C29A845EB303}
		{48A2F5CE-BE93-426C-AE73-29FF20B30CA5} = {A0784B20-25D5-40FE-97DC-C29A845EB303}
		{8AD364A8-B9A7-490E-A679-458623C0A675} = {A0784B20-25D5-40FE-97DC-C29A845EB303}
	EndGlobalSection
	GlobalSection(ExtensibilityGlobals) = postSolution
		SolutionGuid = {DDCF8CE3-CB15-43A8-AFC5-33480F7875F4}
	EndGlobalSection
EndGlobal
